
Microsoft Visual Studio Solution File, Format Version 12.00
# Visual Studio Version 17
VisualStudioVersion = 17.2.32519.379
MinimumVisualStudioVersion = 10.0.40219.1
Project("{9A19103F-16F7-4668-BE54-9A1E7A4F7556}") = "ServiceController", "ServiceController\ServiceController.csproj", "{F5ACF46D-6B1C-4FDC-90D1-06349B7D17A7}"
EndProject
Global
	GlobalSection(SolutionConfigurationPlatforms) = preSolution
		Debug|Any CPU = Debug|Any CPU
		Release|Any CPU = Release|Any CPU
	EndGlobalSection
	GlobalSection(ProjectConfigurationPlatforms) = postSolution
		{F5ACF46D-6B1C-4FDC-90D1-06349B7D17A7}.Debug|Any CPU.ActiveCfg = Debug|Any CPU
		{F5ACF46D-6B1C-4FDC-90D1-06349B7D17A7}.Debug|Any CPU.Build.0 = Debug|Any CPU
		{F5ACF46D-6B1C-4FDC-90D1-06349B7D17A7}.Release|Any CPU.ActiveCfg = Release|Any CPU
		{F5ACF46D-6B1C-4FDC-90D1-06349B7D17A7}.Release|Any CPU.Build.0 = Release|Any CPU
	EndGlobalSection
	GlobalSection(SolutionProperties) = preSolution
		HideSolutionNode = FALSE
	EndGlobalSection
	GlobalSection(ExtensibilityGlobals) = postSolution
		SolutionGuid = {8B136272-1027-4F45-B638-A64F8D948D26}
	EndGlobalSection
EndGlobal
